
Microsoft Visual Studio Solution File, Format Version 12.00
# Visual Studio Version 16
VisualStudioVersion = 16.0.31729.503
MinimumVisualStudioVersion = 10.0.40219.1
Project("{FAE04EC0-301F-11D3-BF4B-00C04F79EFBC}") = "CirriVettore8", "CirriVettore8\CirriVettore8.csproj", "{DB2DF31A-5966-4812-99BD-EF06ADC0FC48}"
EndProject
Global
	GlobalSection(SolutionConfigurationPlatforms) = preSolution
		Debug|Any CPU = Debug|Any CPU
		Release|Any CPU = Release|Any CPU
	EndGlobalSection
	GlobalSection(ProjectConfigurationPlatforms) = postSolution
		{DB2DF31A-5966-4812-99BD-EF06ADC0FC48}.Debug|Any CPU.ActiveCfg = Debug|Any CPU
		{DB2DF31A-5966-4812-99BD-EF06ADC0FC48}.Debug|Any CPU.Build.0 = Debug|Any CPU
		{DB2DF31A-5966-4812-99BD-EF06ADC0FC48}.Release|Any CPU.ActiveCfg = Release|Any CPU
		{DB2DF31A-5966-4812-99BD-EF06ADC0FC48}.Release|Any CPU.Build.0 = Release|Any CPU
	EndGlobalSection
	GlobalSection(SolutionProperties) = preSolution
		HideSolutionNode = FALSE
	EndGlobalSection
	GlobalSection(ExtensibilityGlobals) = postSolution
		SolutionGuid = {80AECF1D-0F9F-4E25-8DA7-9282E5FE9972}
	EndGlobalSection
EndGlobal
