
Microsoft Visual Studio Solution File, Format Version 12.00
# Visual Studio Version 16
VisualStudioVersion = 16.0.31729.503
MinimumVisualStudioVersion = 10.0.40219.1
Project("{FAE04EC0-301F-11D3-BF4B-00C04F79EFBC}") = "CirriVettore5", "CirriVettore5\CirriVettore5.csproj", "{609EB8DB-EE10-486D-954F-E063C2248CA1}"
EndProject
Global
	GlobalSection(SolutionConfigurationPlatforms) = preSolution
		Debug|Any CPU = Debug|Any CPU
		Release|Any CPU = Release|Any CPU
	EndGlobalSection
	GlobalSection(ProjectConfigurationPlatforms) = postSolution
		{609EB8DB-EE10-486D-954F-E063C2248CA1}.Debug|Any CPU.ActiveCfg = Debug|Any CPU
		{609EB8DB-EE10-486D-954F-E063C2248CA1}.Debug|Any CPU.Build.0 = Debug|Any CPU
		{609EB8DB-EE10-486D-954F-E063C2248CA1}.Release|Any CPU.ActiveCfg = Release|Any CPU
		{609EB8DB-EE10-486D-954F-E063C2248CA1}.Release|Any CPU.Build.0 = Release|Any CPU
	EndGlobalSection
	GlobalSection(SolutionProperties) = preSolution
		HideSolutionNode = FALSE
	EndGlobalSection
	GlobalSection(ExtensibilityGlobals) = postSolution
		SolutionGuid = {535B78B0-5A77-4A59-9C7C-E4E5D78EDE92}
	EndGlobalSection
EndGlobal
